
Microsoft Visual Studio Solution File, Format Version 12.00
# Visual Studio Version 16
VisualStudioVersion = 16.0.29911.84
MinimumVisualStudioVersion = 10.0.40219.1
Project("{FAE04EC0-301F-11D3-BF4B-00C04F79EFBC}") = "TextEdite31091", "TextEdite31091\TextEdite31091.csproj", "{3E69F7F4-3EF0-492D-8F37-AE1745700DCC}"
EndProject
Global
	GlobalSection(SolutionConfigurationPlatforms) = preSolution
		Debug|Any CPU = Debug|Any CPU
		Release|Any CPU = Release|Any CPU
	EndGlobalSection
	GlobalSection(ProjectConfigurationPlatforms) = postSolution
		{3E69F7F4-3EF0-492D-8F37-AE1745700DCC}.Debug|Any CPU.ActiveCfg = Debug|Any CPU
		{3E69F7F4-3EF0-492D-8F37-AE1745700DCC}.Debug|Any CPU.Build.0 = Debug|Any CPU
		{3E69F7F4-3EF0-492D-8F37-AE1745700DCC}.Release|Any CPU.ActiveCfg = Release|Any CPU
		{3E69F7F4-3EF0-492D-8F37-AE1745700DCC}.Release|Any CPU.Build.0 = Release|Any CPU
	EndGlobalSection
	GlobalSection(SolutionProperties) = preSolution
		HideSolutionNode = FALSE
	EndGlobalSection
	GlobalSection(ExtensibilityGlobals) = postSolution
		SolutionGuid = {C94CB302-1511-4716-BE66-4E5FB5F033E5}
	EndGlobalSection
EndGlobal
